// !$*UTF8*$!
{
	archiveVersion = 1;
	classes = {
	};
	objectVersion = 77;
	objects = {

/* Begin PBXBuildFile section */
		7DDDA5012D577ADB0075ED7A /* Alamofire in Frameworks */ = {isa = PBXBuildFile; productRef = 7DDDA5002D577ADB0075ED7A /* Alamofire */; };
		7DDDA66A2D58C8200075ED7A /* Kingfisher in Frameworks */ = {isa = PBXBuildFile; productRef = 7DDDA6692D58C8200075ED7A /* Kingfisher */; };
		7DFCD74E2D71E64C0076969F /* FirebaseAuth in Frameworks */ = {isa = PBXBuildFile; productRef = 7DFCD74D2D71E64C0076969F /* FirebaseAuth */; };
		7DFCD7502D71E64C0076969F /* FirebaseCore in Frameworks */ = {isa = PBXBuildFile; productRef = 7DFCD74F2D71E64C0076969F /* FirebaseCore */; };
		7DFCD7522D71E64C0076969F /* FirebaseCrashlytics in Frameworks */ = {isa = PBXBuildFile; productRef = 7DFCD7512D71E64C0076969F /* FirebaseCrashlytics */; };
		7DFCD7542D71E64C0076969F /* FirebaseFirestore in Frameworks */ = {isa = PBXBuildFile; productRef = 7DFCD7532D71E64C0076969F /* FirebaseFirestore */; };
		7DFCD7562D71E64C0076969F /* FirebaseStorage in Frameworks */ = {isa = PBXBuildFile; productRef = 7DFCD7552D71E64C0076969F /* FirebaseStorage */; };
/* End PBXBuildFile section */

/* Begin PBXContainerItemProxy section */
		7DDDA4E22D577AAD0075ED7A /* PBXContainerItemProxy */ = {
			isa = PBXContainerItemProxy;
			containerPortal = 7DDDA4C32D577AAB0075ED7A /* Project object */;
			proxyType = 1;
			remoteGlobalIDString = 7DDDA4CA2D577AAB0075ED7A;
			remoteInfo = TheMovieApp;
		};
		7DDDA4EC2D577AAD0075ED7A /* PBXContainerItemProxy */ = {
			isa = PBXContainerItemProxy;
			containerPortal = 7DDDA4C32D577AAB0075ED7A /* Project object */;
			proxyType = 1;
			remoteGlobalIDString = 7DDDA4CA2D577AAB0075ED7A;
			remoteInfo = TheMovieApp;
		};
/* End PBXContainerItemProxy section */

/* Begin PBXFileReference section */
		7DDDA4CB2D577AAB0075ED7A /* TheMovieApp.app */ = {isa = PBXFileReference; explicitFileType = wrapper.application; includeInIndex = 0; path = TheMovieApp.app; sourceTree = BUILT_PRODUCTS_DIR; };
		7DDDA4E12D577AAD0075ED7A /* TheMovieAppTests.xctest */ = {isa = PBXFileReference; explicitFileType = wrapper.cfbundle; includeInIndex = 0; path = TheMovieAppTests.xctest; sourceTree = BUILT_PRODUCTS_DIR; };
		7DDDA4EB2D577AAD0075ED7A /* TheMovieAppUITests.xctest */ = {isa = PBXFileReference; explicitFileType = wrapper.cfbundle; includeInIndex = 0; path = TheMovieAppUITests.xctest; sourceTree = BUILT_PRODUCTS_DIR; };
/* End PBXFileReference section */

/* Begin PBXFileSystemSynchronizedBuildFileExceptionSet section */
		7DDDA4F32D577AAD0075ED7A /* Exceptions for "TheMovieApp" folder in "TheMovieApp" target */ = {
			isa = PBXFileSystemSynchronizedBuildFileExceptionSet;
			membershipExceptions = (
				Info.plist,
			);
			target = 7DDDA4CA2D577AAB0075ED7A /* TheMovieApp */;
		};
/* End PBXFileSystemSynchronizedBuildFileExceptionSet section */

/* Begin PBXFileSystemSynchronizedRootGroup section */
		7DDDA4CD2D577AAB0075ED7A /* TheMovieApp */ = {
			isa = PBXFileSystemSynchronizedRootGroup;
			exceptions = (
				7DDDA4F32D577AAD0075ED7A /* Exceptions for "TheMovieApp" folder in "TheMovieApp" target */,
			);
			path = TheMovieApp;
			sourceTree = "<group>";
		};
		7DDDA4E42D577AAD0075ED7A /* TheMovieAppTests */ = {
			isa = PBXFileSystemSynchronizedRootGroup;
			path = TheMovieAppTests;
			sourceTree = "<group>";
		};
		7DDDA4EE2D577AAD0075ED7A /* TheMovieAppUITests */ = {
			isa = PBXFileSystemSynchronizedRootGroup;
			path = TheMovieAppUITests;
			sourceTree = "<group>";
		};
/* End PBXFileSystemSynchronizedRootGroup section */

/* Begin PBXFrameworksBuildPhase section */
		7DDDA4C82D577AAB0075ED7A /* Frameworks */ = {
			isa = PBXFrameworksBuildPhase;
			buildActionMask = 2147483647;
			files = (
				7DDDA66A2D58C8200075ED7A /* Kingfisher in Frameworks */,
				7DFCD74E2D71E64C0076969F /* FirebaseAuth in Frameworks */,
				7DFCD7522D71E64C0076969F /* FirebaseCrashlytics in Frameworks */,
				7DFCD7502D71E64C0076969F /* FirebaseCore in Frameworks */,
				7DFCD7562D71E64C0076969F /* FirebaseStorage in Frameworks */,
				7DDDA5012D577ADB0075ED7A /* Alamofire in Frameworks */,
				7DFCD7542D71E64C0076969F /* FirebaseFirestore in Frameworks */,
			);
			runOnlyForDeploymentPostprocessing = 0;
		};
		7DDDA4DE2D577AAD0075ED7A /* Frameworks */ = {
			isa = PBXFrameworksBuildPhase;
			buildActionMask = 2147483647;
			files = (
			);
			runOnlyForDeploymentPostprocessing = 0;
		};
		7DDDA4E82D577AAD0075ED7A /* Frameworks */ = {
			isa = PBXFrameworksBuildPhase;
			buildActionMask = 2147483647;
			files = (
			);
			runOnlyForDeploymentPostprocessing = 0;
		};
/* End PBXFrameworksBuildPhase section */

/* Begin PBXGroup section */
		7DDDA4C22D577AAB0075ED7A = {
			isa = PBXGroup;
			children = (
				7DDDA4CD2D577AAB0075ED7A /* TheMovieApp */,
				7DDDA4E42D577AAD0075ED7A /* TheMovieAppTests */,
				7DDDA4EE2D577AAD0075ED7A /* TheMovieAppUITests */,
				7DDDA4CC2D577AAB0075ED7A /* Products */,
			);
			sourceTree = "<group>";
		};
		7DDDA4CC2D577AAB0075ED7A /* Products */ = {
			isa = PBXGroup;
			children = (
				7DDDA4CB2D577AAB0075ED7A /* TheMovieApp.app */,
				7DDDA4E12D577AAD0075ED7A /* TheMovieAppTests.xctest */,
				7DDDA4EB2D577AAD0075ED7A /* TheMovieAppUITests.xctest */,
			);
			name = Products;
			sourceTree = "<group>";
		};
/* End PBXGroup section */

/* Begin PBXNativeTarget section */
		7DDDA4CA2D577AAB0075ED7A /* TheMovieApp */ = {
			isa = PBXNativeTarget;
			buildConfigurationList = 7DDDA4F42D577AAD0075ED7A /* Build configuration list for PBXNativeTarget "TheMovieApp" */;
			buildPhases = (
				7DDDA4C72D577AAB0075ED7A /* Sources */,
				7DDDA4C82D577AAB0075ED7A /* Frameworks */,
				7DDDA4C92D577AAB0075ED7A /* Resources */,
			);
			buildRules = (
			);
			dependencies = (
			);
			fileSystemSynchronizedGroups = (
				7DDDA4CD2D577AAB0075ED7A /* TheMovieApp */,
			);
			name = TheMovieApp;
			packageProductDependencies = (
				7DDDA5002D577ADB0075ED7A /* Alamofire */,
				7DDDA6692D58C8200075ED7A /* Kingfisher */,
				7DFCD74D2D71E64C0076969F /* FirebaseAuth */,
				7DFCD74F2D71E64C0076969F /* FirebaseCore */,
				7DFCD7512D71E64C0076969F /* FirebaseCrashlytics */,
				7DFCD7532D71E64C0076969F /* FirebaseFirestore */,
				7DFCD7552D71E64C0076969F /* FirebaseStorage */,
			);
			productName = TheMovieApp;
			productReference = 7DDDA4CB2D577AAB0075ED7A /* TheMovieApp.app */;
			productType = "com.apple.product-type.application";
		};
		7DDDA4E02D577AAD0075ED7A /* TheMovieAppTests */ = {
			isa = PBXNativeTarget;
			buildConfigurationList = 7DDDA4F92D577AAD0075ED7A /* Build configuration list for PBXNativeTarget "TheMovieAppTests" */;
			buildPhases = (
				7DDDA4DD2D577AAD0075ED7A /* Sources */,
				7DDDA4DE2D577AAD0075ED7A /* Frameworks */,
				7DDDA4DF2D577AAD0075ED7A /* Resources */,
			);
			buildRules = (
			);
			dependencies = (
				7DDDA4E32D577AAD0075ED7A /* PBXTargetDependency */,
			);
			fileSystemSynchronizedGroups = (
				7DDDA4E42D577AAD0075ED7A /* TheMovieAppTests */,
			);
			name = TheMovieAppTests;
			packageProductDependencies = (
			);
			productName = TheMovieAppTests;
			productReference = 7DDDA4E12D577AAD0075ED7A /* TheMovieAppTests.xctest */;
			productType = "com.apple.product-type.bundle.unit-test";
		};
		7DDDA4EA2D577AAD0075ED7A /* TheMovieAppUITests */ = {
			isa = PBXNativeTarget;
			buildConfigurationList = 7DDDA4FC2D577AAD0075ED7A /* Build configuration list for PBXNativeTarget "TheMovieAppUITests" */;
			buildPhases = (
				7DDDA4E72D577AAD0075ED7A /* Sources */,
				7DDDA4E82D577AAD0075ED7A /* Frameworks */,
				7DDDA4E92D577AAD0075ED7A /* Resources */,
			);
			buildRules = (
			);
			dependencies = (
				7DDDA4ED2D577AAD0075ED7A /* PBXTargetDependency */,
			);
			fileSystemSynchronizedGroups = (
				7DDDA4EE2D577AAD0075ED7A /* TheMovieAppUITests */,
			);
			name = TheMovieAppUITests;
			packageProductDependencies = (
			);
			productName = TheMovieAppUITests;
			productReference = 7DDDA4EB2D577AAD0075ED7A /* TheMovieAppUITests.xctest */;
			productType = "com.apple.product-type.bundle.ui-testing";
		};
/* End PBXNativeTarget section */

/* Begin PBXProject section */
		7DDDA4C32D577AAB0075ED7A /* Project object */ = {
			isa = PBXProject;
			attributes = {
				BuildIndependentTargetsInParallel = 1;
				LastSwiftUpdateCheck = 1620;
				LastUpgradeCheck = 1620;
				TargetAttributes = {
					7DDDA4CA2D577AAB0075ED7A = {
						CreatedOnToolsVersion = 16.2;
					};
					7DDDA4E02D577AAD0075ED7A = {
						CreatedOnToolsVersion = 16.2;
						TestTargetID = 7DDDA4CA2D577AAB0075ED7A;
					};
					7DDDA4EA2D577AAD0075ED7A = {
						CreatedOnToolsVersion = 16.2;
						TestTargetID = 7DDDA4CA2D577AAB0075ED7A;
					};
				};
			};
			buildConfigurationList = 7DDDA4C62D577AAB0075ED7A /* Build configuration list for PBXProject "TheMovieApp" */;
			developmentRegion = en;
			hasScannedForEncodings = 0;
			knownRegions = (
				en,
				Base,
			);
			mainGroup = 7DDDA4C22D577AAB0075ED7A;
			minimizedProjectReferenceProxies = 1;
			packageReferences = (
				7DDDA4FF2D577ADB0075ED7A /* XCRemoteSwiftPackageReference "Alamofire" */,
				7DDDA6682D58C8200075ED7A /* XCRemoteSwiftPackageReference "Kingfisher" */,
				7DFCD74C2D71E64C0076969F /* XCRemoteSwiftPackageReference "firebase-ios-sdk" */,
			);
			preferredProjectObjectVersion = 77;
			productRefGroup = 7DDDA4CC2D577AAB0075ED7A /* Products */;
			projectDirPath = "";
			projectRoot = "";
			targets = (
				7DDDA4CA2D577AAB0075ED7A /* TheMovieApp */,
				7DDDA4E02D577AAD0075ED7A /* TheMovieAppTests */,
				7DDDA4EA2D577AAD0075ED7A /* TheMovieAppUITests */,
			);
		};
/* End PBXProject section */

/* Begin PBXResourcesBuildPhase section */
		7DDDA4C92D577AAB0075ED7A /* Resources */ = {
			isa = PBXResourcesBuildPhase;
			buildActionMask = 2147483647;
			files = (
			);
			runOnlyForDeploymentPostprocessing = 0;
		};
		7DDDA4DF2D577AAD0075ED7A /* Resources */ = {
			isa = PBXResourcesBuildPhase;
			buildActionMask = 2147483647;
			files = (
			);
			runOnlyForDeploymentPostprocessing = 0;
		};
		7DDDA4E92D577AAD0075ED7A /* Resources */ = {
			isa = PBXResourcesBuildPhase;
			buildActionMask = 2147483647;
			files = (
			);
			runOnlyForDeploymentPostprocessing = 0;
		};
/* End PBXResourcesBuildPhase section */

/* Begin PBXSourcesBuildPhase section */
		7DDDA4C72D577AAB0075ED7A /* Sources */ = {
			isa = PBXSourcesBuildPhase;
			buildActionMask = 2147483647;
			files = (
			);
			runOnlyForDeploymentPostprocessing = 0;
		};
		7DDDA4DD2D577AAD0075ED7A /* Sources */ = {
			isa = PBXSourcesBuildPhase;
			buildActionMask = 2147483647;
			files = (
			);
			runOnlyForDeploymentPostprocessing = 0;
		};
		7DDDA4E72D577AAD0075ED7A /* Sources */ = {
			isa = PBXSourcesBuildPhase;
			buildActionMask = 2147483647;
			files = (
			);
			runOnlyForDeploymentPostprocessing = 0;
		};
/* End PBXSourcesBuildPhase section */

/* Begin PBXTargetDependency section */
		7DDDA4E32D577AAD0075ED7A /* PBXTargetDependency */ = {
			isa = PBXTargetDependency;
			target = 7DDDA4CA2D577AAB0075ED7A /* TheMovieApp */;
			targetProxy = 7DDDA4E22D577AAD0075ED7A /* PBXContainerItemProxy */;
		};
		7DDDA4ED2D577AAD0075ED7A /* PBXTargetDependency */ = {
			isa = PBXTargetDependency;
			target = 7DDDA4CA2D577AAB0075ED7A /* TheMovieApp */;
			targetProxy = 7DDDA4EC2D577AAD0075ED7A /* PBXContainerItemProxy */;
		};
/* End PBXTargetDependency section */

/* Begin XCBuildConfiguration section */
		7DDDA4F52D577AAD0075ED7A /* Debug */ = {
			isa = XCBuildConfiguration;
			buildSettings = {
				ASSETCATALOG_COMPILER_APPICON_NAME = AppIcon;
				ASSETCATALOG_COMPILER_GLOBAL_ACCENT_COLOR_NAME = AccentColor;
				CODE_SIGN_STYLE = Automatic;
				CURRENT_PROJECT_VERSION = 1;
				DEVELOPMENT_TEAM = "";
				GENERATE_INFOPLIST_FILE = YES;
				INFOPLIST_FILE = TheMovieApp/Info.plist;
				INFOPLIST_KEY_UIApplicationSupportsIndirectInputEvents = YES;
				INFOPLIST_KEY_UILaunchStoryboardName = LaunchScreen;
				INFOPLIST_KEY_UIMainStoryboardFile = Main;
				INFOPLIST_KEY_UISupportedInterfaceOrientations_iPad = "UIInterfaceOrientationPortrait UIInterfaceOrientationPortraitUpsideDown UIInterfaceOrientationLandscapeLeft UIInterfaceOrientationLandscapeRight";
				INFOPLIST_KEY_UISupportedInterfaceOrientations_iPhone = "UIInterfaceOrientationPortrait UIInterfaceOrientationLandscapeLeft UIInterfaceOrientationLandscapeRight";
				LD_RUNPATH_SEARCH_PATHS = (
					"$(inherited)",
					"@executable_path/Frameworks",
				);
				MARKETING_VERSION = 1.0;
				PRODUCT_BUNDLE_IDENTIFIER = com.narminalasova.TheMovieApp;
				PRODUCT_NAME = "$(TARGET_NAME)";
				SWIFT_EMIT_LOC_STRINGS = YES;
				SWIFT_VERSION = 5.0;
				TARGETED_DEVICE_FAMILY = "1,2";
			};
			name = Debug;
		};
		7DDDA4F62D577AAD0075ED7A /* Release */ = {
			isa = XCBuildConfiguration;
			buildSettings = {
				ASSETCATALOG_COMPILER_APPICON_NAME = AppIcon;
				ASSETCATALOG_COMPILER_GLOBAL_ACCENT_COLOR_NAME = AccentColor;
				CODE_SIGN_STYLE = Automatic;
				CURRENT_PROJECT_VERSION = 1;
				DEVELOPMENT_TEAM = "";
				GENERATE_INFOPLIST_FILE = YES;
				INFOPLIST_FILE = TheMovieApp/Info.plist;
				INFOPLIST_KEY_UIApplicationSupportsIndirectInputEvents = YES;
				INFOPLIST_KEY_UILaunchStoryboardName = LaunchScreen;
				INFOPLIST_KEY_UIMainStoryboardFile = Main;
				INFOPLIST_KEY_UISupportedInterfaceOrientations_iPad = "UIInterfaceOrientationPortrait UIInterfaceOrientationPortraitUpsideDown UIInterfaceOrientationLandscapeLeft UIInterfaceOrientationLandscapeRight";
				INFOPLIST_KEY_UISupportedInterfaceOrientations_iPhone = "UIInterfaceOrientationPortrait UIInterfaceOrientationLandscapeLeft UIInterfaceOrientationLandscapeRight";
				LD_RUNPATH_SEARCH_PATHS = (
					"$(inherited)",
					"@executable_path/Frameworks",
				);
				MARKETING_VERSION = 1.0;
				PRODUCT_BUNDLE_IDENTIFIER = com.narminalasova.TheMovieApp;
				PRODUCT_NAME = "$(TARGET_NAME)";
				SWIFT_EMIT_LOC_STRINGS = YES;
				SWIFT_VERSION = 5.0;
				TARGETED_DEVICE_FAMILY = "1,2";
			};
			name = Release;
		};
		7DDDA4F72D577AAD0075ED7A /* Debug */ = {
			isa = XCBuildConfiguration;
			buildSettings = {
				ALWAYS_SEARCH_USER_PATHS = NO;
				ASSETCATALOG_COMPILER_GENERATE_SWIFT_ASSET_SYMBOL_EXTENSIONS = YES;
				CLANG_ANALYZER_NONNULL = YES;
				CLANG_ANALYZER_NUMBER_OBJECT_CONVERSION = YES_AGGRESSIVE;
				CLANG_CXX_LANGUAGE_STANDARD = "gnu++20";
				CLANG_ENABLE_MODULES = YES;
				CLANG_ENABLE_OBJC_ARC = YES;
				CLANG_ENABLE_OBJC_WEAK = YES;
				CLANG_WARN_BLOCK_CAPTURE_AUTORELEASING = YES;
				CLANG_WARN_BOOL_CONVERSION = YES;
				CLANG_WARN_COMMA = YES;
				CLANG_WARN_CONSTANT_CONVERSION = YES;
				CLANG_WARN_DEPRECATED_OBJC_IMPLEMENTATIONS = YES;
				CLANG_WARN_DIRECT_OBJC_ISA_USAGE = YES_ERROR;
				CLANG_WARN_DOCUMENTATION_COMMENTS = YES;
				CLANG_WARN_EMPTY_BODY = YES;
				CLANG_WARN_ENUM_CONVERSION = YES;
				CLANG_WARN_INFINITE_RECURSION = YES;
				CLANG_WARN_INT_CONVERSION = YES;
				CLANG_WARN_NON_LITERAL_NULL_CONVERSION = YES;
				CLANG_WARN_OBJC_IMPLICIT_RETAIN_SELF = YES;
				CLANG_WARN_OBJC_LITERAL_CONVERSION = YES;
				CLANG_WARN_OBJC_ROOT_CLASS = YES_ERROR;
				CLANG_WARN_QUOTED_INCLUDE_IN_FRAMEWORK_HEADER = YES;
				CLANG_WARN_RANGE_LOOP_ANALYSIS = YES;
				CLANG_WARN_STRICT_PROTOTYPES = YES;
				CLANG_WARN_SUSPICIOUS_MOVE = YES;
				CLANG_WARN_UNGUARDED_AVAILABILITY = YES_AGGRESSIVE;
				CLANG_WARN_UNREACHABLE_CODE = YES;
				CLANG_WARN__DUPLICATE_METHOD_MATCH = YES;
				COPY_PHASE_STRIP = NO;
				DEBUG_INFORMATION_FORMAT = dwarf;
				ENABLE_STRICT_OBJC_MSGSEND = YES;
				ENABLE_TESTABILITY = YES;
				ENABLE_USER_SCRIPT_SANDBOXING = YES;
				GCC_C_LANGUAGE_STANDARD = gnu17;
				GCC_DYNAMIC_NO_PIC = NO;
				GCC_NO_COMMON_BLOCKS = YES;
				GCC_OPTIMIZATION_LEVEL = 0;
				GCC_PREPROCESSOR_DEFINITIONS = (
					"DEBUG=1",
					"$(inherited)",
				);
				GCC_WARN_64_TO_32_BIT_CONVERSION = YES;
				GCC_WARN_ABOUT_RETURN_TYPE = YES_ERROR;
				GCC_WARN_UNDECLARED_SELECTOR = YES;
				GCC_WARN_UNINITIALIZED_AUTOS = YES_AGGRESSIVE;
				GCC_WARN_UNUSED_FUNCTION = YES;
				GCC_WARN_UNUSED_VARIABLE = YES;
				IPHONEOS_DEPLOYMENT_TARGET = 18.2;
				LOCALIZATION_PREFERS_STRING_CATALOGS = YES;
				MTL_ENABLE_DEBUG_INFO = INCLUDE_SOURCE;
				MTL_FAST_MATH = YES;
				ONLY_ACTIVE_ARCH = YES;
				SDKROOT = iphoneos;
				SWIFT_ACTIVE_COMPILATION_CONDITIONS = "DEBUG $(inherited)";
				SWIFT_OPTIMIZATION_LEVEL = "-Onone";
			};
			name = Debug;
		};
		7DDDA4F82D577AAD0075ED7A /* Release */ = {
			isa = XCBuildConfiguration;
			buildSettings = {
				ALWAYS_SEARCH_USER_PATHS = NO;
				ASSETCATALOG_COMPILER_GENERATE_SWIFT_ASSET_SYMBOL_EXTENSIONS = YES;
				CLANG_ANALYZER_NONNULL = YES;
				CLANG_ANALYZER_NUMBER_OBJECT_CONVERSION = YES_AGGRESSIVE;
				CLANG_CXX_LANGUAGE_STANDARD = "gnu++20";
				CLANG_ENABLE_MODULES = YES;
				CLANG_ENABLE_OBJC_ARC = YES;
				CLANG_ENABLE_OBJC_WEAK = YES;
				CLANG_WARN_BLOCK_CAPTURE_AUTORELEASING = YES;
				CLANG_WARN_BOOL_CONVERSION = YES;
				CLANG_WARN_COMMA = YES;
				CLANG_WARN_CONSTANT_CONVERSION = YES;
				CLANG_WARN_DEPRECATED_OBJC_IMPLEMENTATIONS = YES;
				CLANG_WARN_DIRECT_OBJC_ISA_USAGE = YES_ERROR;
				CLANG_WARN_DOCUMENTATION_COMMENTS = YES;
				CLANG_WARN_EMPTY_BODY = YES;
				CLANG_WARN_ENUM_CONVERSION = YES;
				CLANG_WARN_INFINITE_RECURSION = YES;
				CLANG_WARN_INT_CONVERSION = YES;
				CLANG_WARN_NON_LITERAL_NULL_CONVERSION = YES;
				CLANG_WARN_OBJC_IMPLICIT_RETAIN_SELF = YES;
				CLANG_WARN_OBJC_LITERAL_CONVERSION = YES;
				CLANG_WARN_OBJC_ROOT_CLASS = YES_ERROR;
				CLANG_WARN_QUOTED_INCLUDE_IN_FRAMEWORK_HEADER = YES;
				CLANG_WARN_RANGE_LOOP_ANALYSIS = YES;
				CLANG_WARN_STRICT_PROTOTYPES = YES;
				CLANG_WARN_SUSPICIOUS_MOVE = YES;
				CLANG_WARN_UNGUARDED_AVAILABILITY = YES_AGGRESSIVE;
				CLANG_WARN_UNREACHABLE_CODE = YES;
				CLANG_WARN__DUPLICATE_METHOD_MATCH = YES;
				COPY_PHASE_STRIP = NO;
				DEBUG_INFORMATION_FORMAT = "dwarf-with-dsym";
				ENABLE_NS_ASSERTIONS = NO;
				ENABLE_STRICT_OBJC_MSGSEND = YES;
				ENABLE_USER_SCRIPT_SANDBOXING = YES;
				GCC_C_LANGUAGE_STANDARD = gnu17;
				GCC_NO_COMMON_BLOCKS = YES;
				GCC_WARN_64_TO_32_BIT_CONVERSION = YES;
				GCC_WARN_ABOUT_RETURN_TYPE = YES_ERROR;
				GCC_WARN_UNDECLARED_SELECTOR = YES;
				GCC_WARN_UNINITIALIZED_AUTOS = YES_AGGRESSIVE;
				GCC_WARN_UNUSED_FUNCTION = YES;
				GCC_WARN_UNUSED_VARIABLE = YES;
				IPHONEOS_DEPLOYMENT_TARGET = 18.2;
				LOCALIZATION_PREFERS_STRING_CATALOGS = YES;
				MTL_ENABLE_DEBUG_INFO = NO;
				MTL_FAST_MATH = YES;
				SDKROOT = iphoneos;
				SWIFT_COMPILATION_MODE = wholemodule;
				VALIDATE_PRODUCT = YES;
			};
			name = Release;
		};
		7DDDA4FA2D577AAD0075ED7A /* Debug */ = {
			isa = XCBuildConfiguration;
			buildSettings = {
				BUNDLE_LOADER = "$(TEST_HOST)";
				CODE_SIGN_STYLE = Automatic;
				CURRENT_PROJECT_VERSION = 1;
				GENERATE_INFOPLIST_FILE = YES;
				IPHONEOS_DEPLOYMENT_TARGET = 18.2;
				MARKETING_VERSION = 1.0;
				PRODUCT_BUNDLE_IDENTIFIER = com.narminalasova.TheMovieAppTests;
				PRODUCT_NAME = "$(TARGET_NAME)";
				SWIFT_EMIT_LOC_STRINGS = NO;
				SWIFT_VERSION = 5.0;
				TARGETED_DEVICE_FAMILY = "1,2";
				TEST_HOST = "$(BUILT_PRODUCTS_DIR)/TheMovieApp.app/$(BUNDLE_EXECUTABLE_FOLDER_PATH)/TheMovieApp";
			};
			name = Debug;
		};
		7DDDA4FB2D577AAD0075ED7A /* Release */ = {
			isa = XCBuildConfiguration;
			buildSettings = {
				BUNDLE_LOADER = "$(TEST_HOST)";
				CODE_SIGN_STYLE = Automatic;
				CURRENT_PROJECT_VERSION = 1;
				GENERATE_INFOPLIST_FILE = YES;
				IPHONEOS_DEPLOYMENT_TARGET = 18.2;
				MARKETING_VERSION = 1.0;
				PRODUCT_BUNDLE_IDENTIFIER = com.narminalasova.TheMovieAppTests;
				PRODUCT_NAME = "$(TARGET_NAME)";
				SWIFT_EMIT_LOC_STRINGS = NO;
				SWIFT_VERSION = 5.0;
				TARGETED_DEVICE_FAMILY = "1,2";
				TEST_HOST = "$(BUILT_PRODUCTS_DIR)/TheMovieApp.app/$(BUNDLE_EXECUTABLE_FOLDER_PATH)/TheMovieApp";
			};
			name = Release;
		};
		7DDDA4FD2D577AAD0075ED7A /* Debug */ = {
			isa = XCBuildConfiguration;
			buildSettings = {
				CODE_SIGN_STYLE = Automatic;
				CURRENT_PROJECT_VERSION = 1;
				GENERATE_INFOPLIST_FILE = YES;
				MARKETING_VERSION = 1.0;
				PRODUCT_BUNDLE_IDENTIFIER = com.narminalasova.TheMovieAppUITests;
				PRODUCT_NAME = "$(TARGET_NAME)";
				SWIFT_EMIT_LOC_STRINGS = NO;
				SWIFT_VERSION = 5.0;
				TARGETED_DEVICE_FAMILY = "1,2";
				TEST_TARGET_NAME = TheMovieApp;
			};
			name = Debug;
		};
		7DDDA4FE2D577AAD0075ED7A /* Release */ = {
			isa = XCBuildConfiguration;
			buildSettings = {
				CODE_SIGN_STYLE = Automatic;
				CURRENT_PROJECT_VERSION = 1;
				GENERATE_INFOPLIST_FILE = YES;
				MARKETING_VERSION = 1.0;
				PRODUCT_BUNDLE_IDENTIFIER = com.narminalasova.TheMovieAppUITests;
				PRODUCT_NAME = "$(TARGET_NAME)";
				SWIFT_EMIT_LOC_STRINGS = NO;
				SWIFT_VERSION = 5.0;
				TARGETED_DEVICE_FAMILY = "1,2";
				TEST_TARGET_NAME = TheMovieApp;
			};
			name = Release;
		};
/* End XCBuildConfiguration section */

/* Begin XCConfigurationList section */
		7DDDA4C62D577AAB0075ED7A /* Build configuration list for PBXProject "TheMovieApp" */ = {
			isa = XCConfigurationList;
			buildConfigurations = (
				7DDDA4F72D577AAD0075ED7A /* Debug */,
				7DDDA4F82D577AAD0075ED7A /* Release */,
			);
			defaultConfigurationIsVisible = 0;
			defaultConfigurationName = Release;
		};
		7DDDA4F42D577AAD0075ED7A /* Build configuration list for PBXNativeTarget "TheMovieApp" */ = {
			isa = XCConfigurationList;
			buildConfigurations = (
				7DDDA4F52D577AAD0075ED7A /* Debug */,
				7DDDA4F62D577AAD0075ED7A /* Release */,
			);
			defaultConfigurationIsVisible = 0;
			defaultConfigurationName = Release;
		};
		7DDDA4F92D577AAD0075ED7A /* Build configuration list for PBXNativeTarget "TheMovieAppTests" */ = {
			isa = XCConfigurationList;
			buildConfigurations = (
				7DDDA4FA2D577AAD0075ED7A /* Debug */,
				7DDDA4FB2D577AAD0075ED7A /* Release */,
			);
			defaultConfigurationIsVisible = 0;
			defaultConfigurationName = Release;
		};
		7DDDA4FC2D577AAD0075ED7A /* Build configuration list for PBXNativeTarget "TheMovieAppUITests" */ = {
			isa = XCConfigurationList;
			buildConfigurations = (
				7DDDA4FD2D577AAD0075ED7A /* Debug */,
				7DDDA4FE2D577AAD0075ED7A /* Release */,
			);
			defaultConfigurationIsVisible = 0;
			defaultConfigurationName = Release;
		};
/* End XCConfigurationList section */

/* Begin XCRemoteSwiftPackageReference section */
		7DDDA4FF2D577ADB0075ED7A /* XCRemoteSwiftPackageReference "Alamofire" */ = {
			isa = XCRemoteSwiftPackageReference;
			repositoryURL = "https://github.com/Alamofire/Alamofire.git";
			requirement = {
				kind = upToNextMajorVersion;
				minimumVersion = 5.10.2;
			};
		};
		7DDDA6682D58C8200075ED7A /* XCRemoteSwiftPackageReference "Kingfisher" */ = {
			isa = XCRemoteSwiftPackageReference;
			repositoryURL = "https://github.com/onevcat/Kingfisher.git";
			requirement = {
				kind = upToNextMajorVersion;
				minimumVersion = 8.2.0;
			};
		};
		7DFCD74C2D71E64C0076969F /* XCRemoteSwiftPackageReference "firebase-ios-sdk" */ = {
			isa = XCRemoteSwiftPackageReference;
			repositoryURL = "https://github.com/firebase/firebase-ios-sdk";
			requirement = {
				kind = upToNextMajorVersion;
				minimumVersion = 11.9.0;
			};
		};
/* End XCRemoteSwiftPackageReference section */

/* Begin XCSwiftPackageProductDependency section */
		7DDDA5002D577ADB0075ED7A /* Alamofire */ = {
			isa = XCSwiftPackageProductDependency;
			package = 7DDDA4FF2D577ADB0075ED7A /* XCRemoteSwiftPackageReference "Alamofire" */;
			productName = Alamofire;
		};
		7DDDA6692D58C8200075ED7A /* Kingfisher */ = {
			isa = XCSwiftPackageProductDependency;
			package = 7DDDA6682D58C8200075ED7A /* XCRemoteSwiftPackageReference "Kingfisher" */;
			productName = Kingfisher;
		};
		7DFCD74D2D71E64C0076969F /* FirebaseAuth */ = {
			isa = XCSwiftPackageProductDependency;
			package = 7DFCD74C2D71E64C0076969F /* XCRemoteSwiftPackageReference "firebase-ios-sdk" */;
			productName = FirebaseAuth;
		};
		7DFCD74F2D71E64C0076969F /* FirebaseCore */ = {
			isa = XCSwiftPackageProductDependency;
			package = 7DFCD74C2D71E64C0076969F /* XCRemoteSwiftPackageReference "firebase-ios-sdk" */;
			productName = FirebaseCore;
		};
		7DFCD7512D71E64C0076969F /* FirebaseCrashlytics */ = {
			isa = XCSwiftPackageProductDependency;
			package = 7DFCD74C2D71E64C0076969F /* XCRemoteSwiftPackageReference "firebase-ios-sdk" */;
			productName = FirebaseCrashlytics;
		};
		7DFCD7532D71E64C0076969F /* FirebaseFirestore */ = {
			isa = XCSwiftPackageProductDependency;
			package = 7DFCD74C2D71E64C0076969F /* XCRemoteSwiftPackageReference "firebase-ios-sdk" */;
			productName = FirebaseFirestore;
		};
		7DFCD7552D71E64C0076969F /* FirebaseStorage */ = {
			isa = XCSwiftPackageProductDependency;
			package = 7DFCD74C2D71E64C0076969F /* XCRemoteSwiftPackageReference "firebase-ios-sdk" */;
			productName = FirebaseStorage;
		};
/* End XCSwiftPackageProductDependency section */
	};
	rootObject = 7DDDA4C32D577AAB0075ED7A /* Project object */;
}
